
Microsoft Visual Studio Solution File, Format Version 12.00
# Visual Studio Version 17
VisualStudioVersion = 17.2.32630.192
MinimumVisualStudioVersion = 10.0.40219.1
Project("{FAE04EC0-301F-11D3-BF4B-00C04F79EFBC}") = "DirectoryStructure", "DirectoryStructure\DirectoryStructure.csproj", "{7A147BD5-4152-4AB2-870C-4B781F3693DC}"
EndProject
Global
	GlobalSection(SolutionConfigurationPlatforms) = preSolution
		Debug|Any CPU = Debug|Any CPU
		Release|Any CPU = Release|Any CPU
	EndGlobalSection
	GlobalSection(ProjectConfigurationPlatforms) = postSolution
		{7A147BD5-4152-4AB2-870C-4B781F3693DC}.Debug|Any CPU.ActiveCfg = Debug|Any CPU
		{7A147BD5-4152-4AB2-870C-4B781F3693DC}.Debug|Any CPU.Build.0 = Debug|Any CPU
		{7A147BD5-4152-4AB2-870C-4B781F3693DC}.Release|Any CPU.ActiveCfg = Release|Any CPU
		{7A147BD5-4152-4AB2-870C-4B781F3693DC}.Release|Any CPU.Build.0 = Release|Any CPU
	EndGlobalSection
	GlobalSection(SolutionProperties) = preSolution
		HideSolutionNode = FALSE
	EndGlobalSection
	GlobalSection(ExtensibilityGlobals) = postSolution
		SolutionGuid = {1071031F-8131-48D9-B5D4-C9631317E80A}
	EndGlobalSection
EndGlobal
